
Microsoft Visual Studio Solution File, Format Version 12.00
# Visual Studio Version 16
VisualStudioVersion = 16.0.30621.155
MinimumVisualStudioVersion = 10.0.40219.1
Project("{FAE04EC0-301F-11D3-BF4B-00C04F79EFBC}") = "Selenium", "Selenium\Selenium.csproj", "{EA4EFF0F-8A12-4797-A47D-371E5B1C267F}"
EndProject
Global
	GlobalSection(SolutionConfigurationPlatforms) = preSolution
		Debug|Any CPU = Debug|Any CPU
		Release|Any CPU = Release|Any CPU
	EndGlobalSection
	GlobalSection(ProjectConfigurationPlatforms) = postSolution
		{EA4EFF0F-8A12-4797-A47D-371E5B1C267F}.Debug|Any CPU.ActiveCfg = Debug|Any CPU
		{EA4EFF0F-8A12-4797-A47D-371E5B1C267F}.Debug|Any CPU.Build.0 = Debug|Any CPU
		{EA4EFF0F-8A12-4797-A47D-371E5B1C267F}.Release|Any CPU.ActiveCfg = Release|Any CPU
		{EA4EFF0F-8A12-4797-A47D-371E5B1C267F}.Release|Any CPU.Build.0 = Release|Any CPU
	EndGlobalSection
	GlobalSection(SolutionProperties) = preSolution
		HideSolutionNode = FALSE
	EndGlobalSection
	GlobalSection(ExtensibilityGlobals) = postSolution
		SolutionGuid = {3838D959-2C11-4029-AADA-2E43DABF8033}
	EndGlobalSection
EndGlobal
